
Microsoft Visual Studio Solution File, Format Version 12.00
# Visual Studio Version 17
VisualStudioVersion = 17.2.32630.192
MinimumVisualStudioVersion = 10.0.40219.1
Project("{FAE04EC0-301F-11D3-BF4B-00C04F79EFBC}") = "bronte w sdd at2", "bronte w sdd at2\bronte w sdd at2.csproj", "{88D8CB1E-46D4-4D2B-87F7-B453498D9580}"
EndProject
Global
	GlobalSection(SolutionConfigurationPlatforms) = preSolution
		Debug|Any CPU = Debug|Any CPU
		Release|Any CPU = Release|Any CPU
	EndGlobalSection
	GlobalSection(ProjectConfigurationPlatforms) = postSolution
		{88D8CB1E-46D4-4D2B-87F7-B453498D9580}.Debug|Any CPU.ActiveCfg = Debug|Any CPU
		{88D8CB1E-46D4-4D2B-87F7-B453498D9580}.Debug|Any CPU.Build.0 = Debug|Any CPU
		{88D8CB1E-46D4-4D2B-87F7-B453498D9580}.Release|Any CPU.ActiveCfg = Release|Any CPU
		{88D8CB1E-46D4-4D2B-87F7-B453498D9580}.Release|Any CPU.Build.0 = Release|Any CPU
	EndGlobalSection
	GlobalSection(SolutionProperties) = preSolution
		HideSolutionNode = FALSE
	EndGlobalSection
	GlobalSection(ExtensibilityGlobals) = postSolution
		SolutionGuid = {1FCF08AC-96FF-4619-84FD-305175A19870}
	EndGlobalSection
EndGlobal
